
Microsoft Visual Studio Solution File, Format Version 12.00
# Visual Studio Version 17
VisualStudioVersion = 17.14.36109.1
MinimumVisualStudioVersion = 10.0.40219.1
Project("{FAE04EC0-301F-11D3-BF4B-00C04F79EFBC}") = "Test_Azienda", "Test_Azienda\Test_Azienda.csproj", "{19956A79-A788-CA88-117F-41B3C2FF9D02}"
EndProject
Project("{FAE04EC0-301F-11D3-BF4B-00C04F79EFBC}") = "Test_Azienda.Domain", "Test_Azienda.Domain\Test_Azienda.Domain.csproj", "{CF112966-E43F-4DA7-F3E9-667849B8362A}"
EndProject
Global
	GlobalSection(SolutionConfigurationPlatforms) = preSolution
		Debug|Any CPU = Debug|Any CPU
		Release|Any CPU = Release|Any CPU
	EndGlobalSection
	GlobalSection(ProjectConfigurationPlatforms) = postSolution
		{19956A79-A788-CA88-117F-41B3C2FF9D02}.Debug|Any CPU.ActiveCfg = Debug|Any CPU
		{19956A79-A788-CA88-117F-41B3C2FF9D02}.Debug|Any CPU.Build.0 = Debug|Any CPU
		{19956A79-A788-CA88-117F-41B3C2FF9D02}.Release|Any CPU.ActiveCfg = Release|Any CPU
		{19956A79-A788-CA88-117F-41B3C2FF9D02}.Release|Any CPU.Build.0 = Release|Any CPU
		{CF112966-E43F-4DA7-F3E9-667849B8362A}.Debug|Any CPU.ActiveCfg = Debug|Any CPU
		{CF112966-E43F-4DA7-F3E9-667849B8362A}.Debug|Any CPU.Build.0 = Debug|Any CPU
		{CF112966-E43F-4DA7-F3E9-667849B8362A}.Release|Any CPU.ActiveCfg = Release|Any CPU
		{CF112966-E43F-4DA7-F3E9-667849B8362A}.Release|Any CPU.Build.0 = Release|Any CPU
	EndGlobalSection
	GlobalSection(SolutionProperties) = preSolution
		HideSolutionNode = FALSE
	EndGlobalSection
	GlobalSection(ExtensibilityGlobals) = postSolution
		SolutionGuid = {38D60A6F-4072-4E03-8332-C87D80C50A3B}
	EndGlobalSection
EndGlobal
