
Microsoft Visual Studio Solution File, Format Version 12.00
# Visual Studio Version 17
VisualStudioVersion = 17.14.36109.1
MinimumVisualStudioVersion = 10.0.40219.1
Project("{FAE04EC0-301F-11D3-BF4B-00C04F79EFBC}") = "Test_Azienda", "Test_Azienda1\Test_Azienda.csproj", "{7DDBFFA9-FF65-4ACD-BD1B-80B73750C197}"
EndProject
Project("{FAE04EC0-301F-11D3-BF4B-00C04F79EFBC}") = "Test_Azienda.Domain", "Test_Azienda1.Domain\Test_Azienda.Domain.csproj", "{FE228704-D461-40EF-B921-95C587A8E6D6}"
EndProject
Global
	GlobalSection(SolutionConfigurationPlatforms) = preSolution
		Debug|Any CPU = Debug|Any CPU
		Release|Any CPU = Release|Any CPU
	EndGlobalSection
	GlobalSection(ProjectConfigurationPlatforms) = postSolution
		{7DDBFFA9-FF65-4ACD-BD1B-80B73750C197}.Debug|Any CPU.ActiveCfg = Debug|Any CPU
		{7DDBFFA9-FF65-4ACD-BD1B-80B73750C197}.Debug|Any CPU.Build.0 = Debug|Any CPU
		{7DDBFFA9-FF65-4ACD-BD1B-80B73750C197}.Release|Any CPU.ActiveCfg = Release|Any CPU
		{7DDBFFA9-FF65-4ACD-BD1B-80B73750C197}.Release|Any CPU.Build.0 = Release|Any CPU
		{FE228704-D461-40EF-B921-95C587A8E6D6}.Debug|Any CPU.ActiveCfg = Debug|Any CPU
		{FE228704-D461-40EF-B921-95C587A8E6D6}.Debug|Any CPU.Build.0 = Debug|Any CPU
		{FE228704-D461-40EF-B921-95C587A8E6D6}.Release|Any CPU.ActiveCfg = Release|Any CPU
		{FE228704-D461-40EF-B921-95C587A8E6D6}.Release|Any CPU.Build.0 = Release|Any CPU
	EndGlobalSection
	GlobalSection(SolutionProperties) = preSolution
		HideSolutionNode = FALSE
	EndGlobalSection
	GlobalSection(ExtensibilityGlobals) = postSolution
		SolutionGuid = {38D60A6F-4072-4E03-8332-C87D80C50A3B}
	EndGlobalSection
EndGlobal
